
Microsoft Visual Studio Solution File, Format Version 12.00
# Visual Studio Version 17
VisualStudioVersion = 17.8.34330.188
MinimumVisualStudioVersion = 10.0.40219.1
Project("{FAE04EC0-301F-11D3-BF4B-00C04F79EFBC}") = "SpaceLoops", "SpaceLoops\SpaceLoops.csproj", "{1AF04DD4-9233-4357-B0BE-3D8FBD6AEE14}"
EndProject
Project("{FAE04EC0-301F-11D3-BF4B-00C04F79EFBC}") = "SpaceLoops.BAL", "SpaceLoops.BAL\SpaceLoops.BAL.csproj", "{34F9CA0F-666D-4777-8DE1-89136E92F864}"
EndProject
Project("{FAE04EC0-301F-11D3-BF4B-00C04F79EFBC}") = "SpaceLoops.DAL", "SpaceLoops.DAL\SpaceLoops.DAL.csproj", "{3EE53895-6EC0-4914-BD12-B83F52A04BF8}"
EndProject
Global
	GlobalSection(SolutionConfigurationPlatforms) = preSolution
		Debug|Any CPU = Debug|Any CPU
		Release|Any CPU = Release|Any CPU
	EndGlobalSection
	GlobalSection(ProjectConfigurationPlatforms) = postSolution
		{1AF04DD4-9233-4357-B0BE-3D8FBD6AEE14}.Debug|Any CPU.ActiveCfg = Debug|Any CPU
		{1AF04DD4-9233-4357-B0BE-3D8FBD6AEE14}.Debug|Any CPU.Build.0 = Debug|Any CPU
		{1AF04DD4-9233-4357-B0BE-3D8FBD6AEE14}.Release|Any CPU.ActiveCfg = Release|Any CPU
		{1AF04DD4-9233-4357-B0BE-3D8FBD6AEE14}.Release|Any CPU.Build.0 = Release|Any CPU
		{34F9CA0F-666D-4777-8DE1-89136E92F864}.Debug|Any CPU.ActiveCfg = Debug|Any CPU
		{34F9CA0F-666D-4777-8DE1-89136E92F864}.Debug|Any CPU.Build.0 = Debug|Any CPU
		{34F9CA0F-666D-4777-8DE1-89136E92F864}.Release|Any CPU.ActiveCfg = Release|Any CPU
		{34F9CA0F-666D-4777-8DE1-89136E92F864}.Release|Any CPU.Build.0 = Release|Any CPU
		{3EE53895-6EC0-4914-BD12-B83F52A04BF8}.Debug|Any CPU.ActiveCfg = Debug|Any CPU
		{3EE53895-6EC0-4914-BD12-B83F52A04BF8}.Debug|Any CPU.Build.0 = Debug|Any CPU
		{3EE53895-6EC0-4914-BD12-B83F52A04BF8}.Release|Any CPU.ActiveCfg = Release|Any CPU
		{3EE53895-6EC0-4914-BD12-B83F52A04BF8}.Release|Any CPU.Build.0 = Release|Any CPU
	EndGlobalSection
	GlobalSection(SolutionProperties) = preSolution
		HideSolutionNode = FALSE
	EndGlobalSection
	GlobalSection(ExtensibilityGlobals) = postSolution
		SolutionGuid = {90B4A7C7-1E2A-4008-9A30-429560078B96}
	EndGlobalSection
EndGlobal
